
Microsoft Visual Studio Solution File, Format Version 12.00
# Visual Studio 15
VisualStudioVersion = 15.0.26124.0
MinimumVisualStudioVersion = 15.0.26124.0
Project("{FAE04EC0-301F-11D3-BF4B-00C04F79EFBC}") = "R5T.Alamania.Standard.Construction", "R5T.Alamania.Standard.Construction\R5T.Alamania.Standard.Construction.csproj", "{DA11DA00-8A9A-4A54-949E-42D7144DDA68}"
EndProject
Project("{FAE04EC0-301F-11D3-BF4B-00C04F79EFBC}") = "R5T.Alamania.Standard", "R5T.Alamania.Standard\R5T.Alamania.Standard.csproj", "{5F26A93D-DC52-412E-B2C8-F373AA229C6B}"
EndProject
Project("{FAE04EC0-301F-11D3-BF4B-00C04F79EFBC}") = "R5T.Alamania.Standard.Testing", "R5T.Alamania.Standard.Testing\R5T.Alamania.Standard.Testing.csproj", "{7659BCBB-9633-45CB-B7F5-0CC2015E548E}"
EndProject
Global
	GlobalSection(SolutionConfigurationPlatforms) = preSolution
		Debug|Any CPU = Debug|Any CPU
		Debug|x64 = Debug|x64
		Debug|x86 = Debug|x86
		Release|Any CPU = Release|Any CPU
		Release|x64 = Release|x64
		Release|x86 = Release|x86
	EndGlobalSection
	GlobalSection(SolutionProperties) = preSolution
		HideSolutionNode = FALSE
	EndGlobalSection
	GlobalSection(ProjectConfigurationPlatforms) = postSolution
		{DA11DA00-8A9A-4A54-949E-42D7144DDA68}.Debug|Any CPU.ActiveCfg = Debug|Any CPU
		{DA11DA00-8A9A-4A54-949E-42D7144DDA68}.Debug|Any CPU.Build.0 = Debug|Any CPU
		{DA11DA00-8A9A-4A54-949E-42D7144DDA68}.Debug|x64.ActiveCfg = Debug|Any CPU
		{DA11DA00-8A9A-4A54-949E-42D7144DDA68}.Debug|x64.Build.0 = Debug|Any CPU
		{DA11DA00-8A9A-4A54-949E-42D7144DDA68}.Debug|x86.ActiveCfg = Debug|Any CPU
		{DA11DA00-8A9A-4A54-949E-42D7144DDA68}.Debug|x86.Build.0 = Debug|Any CPU
		{DA11DA00-8A9A-4A54-949E-42D7144DDA68}.Release|Any CPU.ActiveCfg = Release|Any CPU
		{DA11DA00-8A9A-4A54-949E-42D7144DDA68}.Release|Any CPU.Build.0 = Release|Any CPU
		{DA11DA00-8A9A-4A54-949E-42D7144DDA68}.Release|x64.ActiveCfg = Release|Any CPU
		{DA11DA00-8A9A-4A54-949E-42D7144DDA68}.Release|x64.Build.0 = Release|Any CPU
		{DA11DA00-8A9A-4A54-949E-42D7144DDA68}.Release|x86.ActiveCfg = Release|Any CPU
		{DA11DA00-8A9A-4A54-949E-42D7144DDA68}.Release|x86.Build.0 = Release|Any CPU
		{5F26A93D-DC52-412E-B2C8-F373AA229C6B}.Debug|Any CPU.ActiveCfg = Debug|Any CPU
		{5F26A93D-DC52-412E-B2C8-F373AA229C6B}.Debug|Any CPU.Build.0 = Debug|Any CPU
		{5F26A93D-DC52-412E-B2C8-F373AA229C6B}.Debug|x64.ActiveCfg = Debug|Any CPU
		{5F26A93D-DC52-412E-B2C8-F373AA229C6B}.Debug|x64.Build.0 = Debug|Any CPU
		{5F26A93D-DC52-412E-B2C8-F373AA229C6B}.Debug|x86.ActiveCfg = Debug|Any CPU
		{5F26A93D-DC52-412E-B2C8-F373AA229C6B}.Debug|x86.Build.0 = Debug|Any CPU
		{5F26A93D-DC52-412E-B2C8-F373AA229C6B}.Release|Any CPU.ActiveCfg = Release|Any CPU
		{5F26A93D-DC52-412E-B2C8-F373AA229C6B}.Release|Any CPU.Build.0 = Release|Any CPU
		{5F26A93D-DC52-412E-B2C8-F373AA229C6B}.Release|x64.ActiveCfg = Release|Any CPU
		{5F26A93D-DC52-412E-B2C8-F373AA229C6B}.Release|x64.Build.0 = Release|Any CPU
		{5F26A93D-DC52-412E-B2C8-F373AA229C6B}.Release|x86.ActiveCfg = Release|Any CPU
		{5F26A93D-DC52-412E-B2C8-F373AA229C6B}.Release|x86.Build.0 = Release|Any CPU
		{7659BCBB-9633-45CB-B7F5-0CC2015E548E}.Debug|Any CPU.ActiveCfg = Debug|Any CPU
		{7659BCBB-9633-45CB-B7F5-0CC2015E548E}.Debug|Any CPU.Build.0 = Debug|Any CPU
		{7659BCBB-9633-45CB-B7F5-0CC2015E548E}.Debug|x64.ActiveCfg = Debug|Any CPU
		{7659BCBB-9633-45CB-B7F5-0CC2015E548E}.Debug|x64.Build.0 = Debug|Any CPU
		{7659BCBB-9633-45CB-B7F5-0CC2015E548E}.Debug|x86.ActiveCfg = Debug|Any CPU
		{7659BCBB-9633-45CB-B7F5-0CC2015E548E}.Debug|x86.Build.0 = Debug|Any CPU
		{7659BCBB-9633-45CB-B7F5-0CC2015E548E}.Release|Any CPU.ActiveCfg = Release|Any CPU
		{7659BCBB-9633-45CB-B7F5-0CC2015E548E}.Release|Any CPU.Build.0 = Release|Any CPU
		{7659BCBB-9633-45CB-B7F5-0CC2015E548E}.Release|x64.ActiveCfg = Release|Any CPU
		{7659BCBB-9633-45CB-B7F5-0CC2015E548E}.Release|x64.Build.0 = Release|Any CPU
		{7659BCBB-9633-45CB-B7F5-0CC2015E548E}.Release|x86.ActiveCfg = Release|Any CPU
		{7659BCBB-9633-45CB-B7F5-0CC2015E548E}.Release|x86.Build.0 = Release|Any CPU
	EndGlobalSection
EndGlobal
