
Microsoft Visual Studio Solution File, Format Version 12.00
# Visual Studio 15
VisualStudioVersion = 15.0.26124.0
MinimumVisualStudioVersion = 15.0.26124.0
Project("{9A19103F-16F7-4668-BE54-9A1E7A4F7556}") = "R5T.Alamania.Standard.Construction", "R5T.Alamania.Standard.Construction\R5T.Alamania.Standard.Construction.csproj", "{DA11DA00-8A9A-4A54-949E-42D7144DDA68}"
EndProject
Project("{9A19103F-16F7-4668-BE54-9A1E7A4F7556}") = "R5T.Alamania.Standard", "R5T.Alamania.Standard\R5T.Alamania.Standard.csproj", "{5F26A93D-DC52-412E-B2C8-F373AA229C6B}"
EndProject
Project("{9A19103F-16F7-4668-BE54-9A1E7A4F7556}") = "R5T.Alamania.Standard.Testing", "R5T.Alamania.Standard.Testing\R5T.Alamania.Standard.Testing.csproj", "{7659BCBB-9633-45CB-B7F5-0CC2015E548E}"
EndProject
Project("{2150E333-8FDC-42A3-9474-1A3956D46DE8}") = "_Dependencies", "_Dependencies", "{051CE776-5038-4B86-A431-36A244669843}"
EndProject
Project("{9A19103F-16F7-4668-BE54-9A1E7A4F7556}") = "R5T.Alamania.Bulgaria", "..\..\R5T.Alamania.Bulgaria\source\R5T.Alamania.Bulgaria\R5T.Alamania.Bulgaria.csproj", "{0EE7606F-3949-4554-B99C-56E459B9F884}"
EndProject
Project("{9A19103F-16F7-4668-BE54-9A1E7A4F7556}") = "R5T.Alamania.Base", "..\..\R5T.Alamania.Base\source\R5T.Alamania.Base\R5T.Alamania.Base.csproj", "{FC98F933-E2B6-4092-932A-9A5B0BDE2149}"
EndProject
Project("{9A19103F-16F7-4668-BE54-9A1E7A4F7556}") = "R5T.Bulgaria.Base", "..\..\R5T.Bulgaria.Base\source\R5T.Bulgaria.Base\R5T.Bulgaria.Base.csproj", "{20B79CA1-29F1-4A19-ADCD-D517B1EBFF85}"
EndProject
Project("{9A19103F-16F7-4668-BE54-9A1E7A4F7556}") = "R5T.Costobocia.Base", "..\..\R5T.Costobocia.Base\source\R5T.Costobocia.Base\R5T.Costobocia.Base.csproj", "{243E8924-06EA-4D44-A014-75A0704E05DA}"
EndProject
Project("{9A19103F-16F7-4668-BE54-9A1E7A4F7556}") = "R5T.Ostrogothia", "..\..\R5T.Ostrogothia\source\R5T.Ostrogothia\R5T.Ostrogothia.csproj", "{6F498B54-7E00-4493-890A-3CB7EA685AB1}"
EndProject
Project("{9A19103F-16F7-4668-BE54-9A1E7A4F7556}") = "R5T.Dacia.Extensions", "..\..\R5T.Dacia.Extensions\source\R5T.Dacia.Extensions\R5T.Dacia.Extensions.csproj", "{E4B6BA68-B284-4B79-AA80-5795BA624DCF}"
EndProject
Project("{9A19103F-16F7-4668-BE54-9A1E7A4F7556}") = "R5T.Dacia", "..\..\R5T.Dacia\source\R5T.Dacia\R5T.Dacia.csproj", "{86BBAD74-BAFD-4547-9FD0-254F8ADAA447}"
EndProject
Project("{9A19103F-16F7-4668-BE54-9A1E7A4F7556}") = "R5T.Ostrogothia.Rivet", "..\..\R5T.Ostrogothia.Rivet\source\R5T.Ostrogothia.Rivet\R5T.Ostrogothia.Rivet.csproj", "{38DC4054-2D07-4746-A23D-73AD69D73E67}"
EndProject
Project("{9A19103F-16F7-4668-BE54-9A1E7A4F7556}") = "R5T.Bulgaria.UserProfileDirectory", "..\..\R5T.Bulgaria.UserProfileDirectory\source\R5T.Bulgaria.UserProfileDirectory\R5T.Bulgaria.UserProfileDirectory.csproj", "{C51955AA-2796-44E9-AD83-E358B1B4222E}"
EndProject
Project("{9A19103F-16F7-4668-BE54-9A1E7A4F7556}") = "R5T.Costobocia.Standard", "..\..\R5T.Costobocia.Standard\source\R5T.Costobocia.Standard\R5T.Costobocia.Standard.csproj", "{D7130F4D-F4E7-4C1B-9E0A-7320ECA5EBF8}"
EndProject
Project("{9A19103F-16F7-4668-BE54-9A1E7A4F7556}") = "R5T.Bulgaria.Visigothia", "..\..\R5T.Bulgaria.Visigothia\source\R5T.Bulgaria.Visigothia\R5T.Bulgaria.Visigothia.csproj", "{68C89BF2-35BC-4EFB-8F7E-7CA6F89BCB04}"
EndProject
Project("{9A19103F-16F7-4668-BE54-9A1E7A4F7556}") = "R5T.Lombardy.Base", "..\..\R5T.Lombardy.Base\source\R5T.Lombardy.Base\R5T.Lombardy.Base.csproj", "{E2BF920A-3477-4595-B652-A06DF077CCA6}"
EndProject
Project("{9A19103F-16F7-4668-BE54-9A1E7A4F7556}") = "R5T.Peristeria.Base", "..\..\R5T.Peristeria.Base\source\R5T.Peristeria.Base\R5T.Peristeria.Base.csproj", "{95309816-B9DB-48C2-B60A-C289E8875FB1}"
EndProject
Project("{9A19103F-16F7-4668-BE54-9A1E7A4F7556}") = "R5T.Visigothia.Base", "..\..\R5T.Visigothia.Base\source\R5T.Visigothia.Base\R5T.Visigothia.Base.csproj", "{73D8FBD8-FCEC-4D8F-9040-D37A98FF8C6B}"
EndProject
Project("{9A19103F-16F7-4668-BE54-9A1E7A4F7556}") = "R5T.Lombardy.Standard", "..\..\R5T.Lombardy.Standard\source\R5T.Lombardy.Standard\R5T.Lombardy.Standard.csproj", "{5D534ADF-54D7-4F8A-B6B0-7E3B697EF5C3}"
EndProject
Project("{9A19103F-16F7-4668-BE54-9A1E7A4F7556}") = "R5T.Lombardy", "..\..\R5T.Lombardy\source\R5T.Lombardy\R5T.Lombardy.csproj", "{4F6BE247-8C9C-49E6-9723-9C5CA905D934}"
EndProject
Project("{9A19103F-16F7-4668-BE54-9A1E7A4F7556}") = "R5T.Cherusci", "..\..\R5T.Cherusci\source\R5T.Cherusci\R5T.Cherusci.csproj", "{34166C12-59B9-492E-AA96-34F7F7800DF5}"
EndProject
Project("{9A19103F-16F7-4668-BE54-9A1E7A4F7556}") = "R5T.Magyar", "..\..\R5T.Magyar\source\R5T.Magyar\R5T.Magyar.csproj", "{1A952A51-A6B1-4B63-9F28-414ED7A88FD6}"
EndProject
Project("{9A19103F-16F7-4668-BE54-9A1E7A4F7556}") = "R5T.Rugia", "..\..\R5T.Rugia\source\R5T.Rugia\R5T.Rugia.csproj", "{22820D0F-E866-4868-A3CF-2B6F2F65B214}"
EndProject
Project("{9A19103F-16F7-4668-BE54-9A1E7A4F7556}") = "R5T.Rugia.Base", "..\..\R5T.Rugia.Base\source\R5T.Rugia.Base\R5T.Rugia.Base.csproj", "{D3237E4C-4108-4DC1-81CA-8537E1B60F06}"
EndProject
Project("{9A19103F-16F7-4668-BE54-9A1E7A4F7556}") = "R5T.Peristeria.Standard", "..\..\R5T.Peristeria.Standard\source\R5T.Peristeria.Standard\R5T.Peristeria.Standard.csproj", "{D3C58387-4531-4D87-A0FD-37A17A10A687}"
EndProject
Project("{9A19103F-16F7-4668-BE54-9A1E7A4F7556}") = "R5T.Peristeria.Default", "..\..\R5T.Peristeria.Default\source\R5T.Peristeria.Default\R5T.Peristeria.Default.csproj", "{EC28FCD8-DA7F-49C1-971B-06BE982BA86D}"
EndProject
Project("{9A19103F-16F7-4668-BE54-9A1E7A4F7556}") = "R5T.Visigothia.Standard", "..\..\R5T.Visigothia.Standard\source\R5T.Visigothia.Standard\R5T.Visigothia.Standard.csproj", "{BF50EC59-005A-4AD9-B41B-293CE8DC04BB}"
EndProject
Project("{9A19103F-16F7-4668-BE54-9A1E7A4F7556}") = "R5T.Visigothia.Local.Standard", "..\..\R5T.Visigothia.Local.Standard\source\R5T.Visigothia.Local.Standard\R5T.Visigothia.Local.Standard.csproj", "{91C30E3D-D968-4476-A7FA-3625E0173F62}"
EndProject
Project("{9A19103F-16F7-4668-BE54-9A1E7A4F7556}") = "R5T.Visigothia.Local.Default", "..\..\R5T.Visigothia.Local.Default\source\R5T.Visigothia.Local.Default\R5T.Visigothia.Local.Default.csproj", "{7853A3D0-0CD6-4974-A4A7-F71933176EFF}"
EndProject
Project("{9A19103F-16F7-4668-BE54-9A1E7A4F7556}") = "R5T.Costobocia.Default", "..\..\R5T.Costobocia.Default\source\R5T.Costobocia.Default\R5T.Costobocia.Default.csproj", "{DFB62603-FFFD-4685-B992-ED37D1D67355}"
EndProject
Global
	GlobalSection(SolutionConfigurationPlatforms) = preSolution
		Debug|Any CPU = Debug|Any CPU
		Debug|x64 = Debug|x64
		Debug|x86 = Debug|x86
		Release|Any CPU = Release|Any CPU
		Release|x64 = Release|x64
		Release|x86 = Release|x86
	EndGlobalSection
	GlobalSection(ProjectConfigurationPlatforms) = postSolution
		{DA11DA00-8A9A-4A54-949E-42D7144DDA68}.Debug|Any CPU.ActiveCfg = Debug|Any CPU
		{DA11DA00-8A9A-4A54-949E-42D7144DDA68}.Debug|Any CPU.Build.0 = Debug|Any CPU
		{DA11DA00-8A9A-4A54-949E-42D7144DDA68}.Debug|x64.ActiveCfg = Debug|Any CPU
		{DA11DA00-8A9A-4A54-949E-42D7144DDA68}.Debug|x64.Build.0 = Debug|Any CPU
		{DA11DA00-8A9A-4A54-949E-42D7144DDA68}.Debug|x86.ActiveCfg = Debug|Any CPU
		{DA11DA00-8A9A-4A54-949E-42D7144DDA68}.Debug|x86.Build.0 = Debug|Any CPU
		{DA11DA00-8A9A-4A54-949E-42D7144DDA68}.Release|Any CPU.ActiveCfg = Release|Any CPU
		{DA11DA00-8A9A-4A54-949E-42D7144DDA68}.Release|Any CPU.Build.0 = Release|Any CPU
		{DA11DA00-8A9A-4A54-949E-42D7144DDA68}.Release|x64.ActiveCfg = Release|Any CPU
		{DA11DA00-8A9A-4A54-949E-42D7144DDA68}.Release|x64.Build.0 = Release|Any CPU
		{DA11DA00-8A9A-4A54-949E-42D7144DDA68}.Release|x86.ActiveCfg = Release|Any CPU
		{DA11DA00-8A9A-4A54-949E-42D7144DDA68}.Release|x86.Build.0 = Release|Any CPU
		{5F26A93D-DC52-412E-B2C8-F373AA229C6B}.Debug|Any CPU.ActiveCfg = Debug|Any CPU
		{5F26A93D-DC52-412E-B2C8-F373AA229C6B}.Debug|Any CPU.Build.0 = Debug|Any CPU
		{5F26A93D-DC52-412E-B2C8-F373AA229C6B}.Debug|x64.ActiveCfg = Debug|Any CPU
		{5F26A93D-DC52-412E-B2C8-F373AA229C6B}.Debug|x64.Build.0 = Debug|Any CPU
		{5F26A93D-DC52-412E-B2C8-F373AA229C6B}.Debug|x86.ActiveCfg = Debug|Any CPU
		{5F26A93D-DC52-412E-B2C8-F373AA229C6B}.Debug|x86.Build.0 = Debug|Any CPU
		{5F26A93D-DC52-412E-B2C8-F373AA229C6B}.Release|Any CPU.ActiveCfg = Release|Any CPU
		{5F26A93D-DC52-412E-B2C8-F373AA229C6B}.Release|Any CPU.Build.0 = Release|Any CPU
		{5F26A93D-DC52-412E-B2C8-F373AA229C6B}.Release|x64.ActiveCfg = Release|Any CPU
		{5F26A93D-DC52-412E-B2C8-F373AA229C6B}.Release|x64.Build.0 = Release|Any CPU
		{5F26A93D-DC52-412E-B2C8-F373AA229C6B}.Release|x86.ActiveCfg = Release|Any CPU
		{5F26A93D-DC52-412E-B2C8-F373AA229C6B}.Release|x86.Build.0 = Release|Any CPU
		{7659BCBB-9633-45CB-B7F5-0CC2015E548E}.Debug|Any CPU.ActiveCfg = Debug|Any CPU
		{7659BCBB-9633-45CB-B7F5-0CC2015E548E}.Debug|Any CPU.Build.0 = Debug|Any CPU
		{7659BCBB-9633-45CB-B7F5-0CC2015E548E}.Debug|x64.ActiveCfg = Debug|Any CPU
		{7659BCBB-9633-45CB-B7F5-0CC2015E548E}.Debug|x64.Build.0 = Debug|Any CPU
		{7659BCBB-9633-45CB-B7F5-0CC2015E548E}.Debug|x86.ActiveCfg = Debug|Any CPU
		{7659BCBB-9633-45CB-B7F5-0CC2015E548E}.Debug|x86.Build.0 = Debug|Any CPU
		{7659BCBB-9633-45CB-B7F5-0CC2015E548E}.Release|Any CPU.ActiveCfg = Release|Any CPU
		{7659BCBB-9633-45CB-B7F5-0CC2015E548E}.Release|Any CPU.Build.0 = Release|Any CPU
		{7659BCBB-9633-45CB-B7F5-0CC2015E548E}.Release|x64.ActiveCfg = Release|Any CPU
		{7659BCBB-9633-45CB-B7F5-0CC2015E548E}.Release|x64.Build.0 = Release|Any CPU
		{7659BCBB-9633-45CB-B7F5-0CC2015E548E}.Release|x86.ActiveCfg = Release|Any CPU
		{7659BCBB-9633-45CB-B7F5-0CC2015E548E}.Release|x86.Build.0 = Release|Any CPU
		{0EE7606F-3949-4554-B99C-56E459B9F884}.Debug|Any CPU.ActiveCfg = Debug|Any CPU
		{0EE7606F-3949-4554-B99C-56E459B9F884}.Debug|Any CPU.Build.0 = Debug|Any CPU
		{0EE7606F-3949-4554-B99C-56E459B9F884}.Debug|x64.ActiveCfg = Debug|Any CPU
		{0EE7606F-3949-4554-B99C-56E459B9F884}.Debug|x64.Build.0 = Debug|Any CPU
		{0EE7606F-3949-4554-B99C-56E459B9F884}.Debug|x86.ActiveCfg = Debug|Any CPU
		{0EE7606F-3949-4554-B99C-56E459B9F884}.Debug|x86.Build.0 = Debug|Any CPU
		{0EE7606F-3949-4554-B99C-56E459B9F884}.Release|Any CPU.ActiveCfg = Release|Any CPU
		{0EE7606F-3949-4554-B99C-56E459B9F884}.Release|Any CPU.Build.0 = Release|Any CPU
		{0EE7606F-3949-4554-B99C-56E459B9F884}.Release|x64.ActiveCfg = Release|Any CPU
		{0EE7606F-3949-4554-B99C-56E459B9F884}.Release|x64.Build.0 = Release|Any CPU
		{0EE7606F-3949-4554-B99C-56E459B9F884}.Release|x86.ActiveCfg = Release|Any CPU
		{0EE7606F-3949-4554-B99C-56E459B9F884}.Release|x86.Build.0 = Release|Any CPU
		{FC98F933-E2B6-4092-932A-9A5B0BDE2149}.Debug|Any CPU.ActiveCfg = Debug|Any CPU
		{FC98F933-E2B6-4092-932A-9A5B0BDE2149}.Debug|Any CPU.Build.0 = Debug|Any CPU
		{FC98F933-E2B6-4092-932A-9A5B0BDE2149}.Debug|x64.ActiveCfg = Debug|Any CPU
		{FC98F933-E2B6-4092-932A-9A5B0BDE2149}.Debug|x64.Build.0 = Debug|Any CPU
		{FC98F933-E2B6-4092-932A-9A5B0BDE2149}.Debug|x86.ActiveCfg = Debug|Any CPU
		{FC98F933-E2B6-4092-932A-9A5B0BDE2149}.Debug|x86.Build.0 = Debug|Any CPU
		{FC98F933-E2B6-4092-932A-9A5B0BDE2149}.Release|Any CPU.ActiveCfg = Release|Any CPU
		{FC98F933-E2B6-4092-932A-9A5B0BDE2149}.Release|Any CPU.Build.0 = Release|Any CPU
		{FC98F933-E2B6-4092-932A-9A5B0BDE2149}.Release|x64.ActiveCfg = Release|Any CPU
		{FC98F933-E2B6-4092-932A-9A5B0BDE2149}.Release|x64.Build.0 = Release|Any CPU
		{FC98F933-E2B6-4092-932A-9A5B0BDE2149}.Release|x86.ActiveCfg = Release|Any CPU
		{FC98F933-E2B6-4092-932A-9A5B0BDE2149}.Release|x86.Build.0 = Release|Any CPU
		{20B79CA1-29F1-4A19-ADCD-D517B1EBFF85}.Debug|Any CPU.ActiveCfg = Debug|Any CPU
		{20B79CA1-29F1-4A19-ADCD-D517B1EBFF85}.Debug|Any CPU.Build.0 = Debug|Any CPU
		{20B79CA1-29F1-4A19-ADCD-D517B1EBFF85}.Debug|x64.ActiveCfg = Debug|Any CPU
		{20B79CA1-29F1-4A19-ADCD-D517B1EBFF85}.Debug|x64.Build.0 = Debug|Any CPU
		{20B79CA1-29F1-4A19-ADCD-D517B1EBFF85}.Debug|x86.ActiveCfg = Debug|Any CPU
		{20B79CA1-29F1-4A19-ADCD-D517B1EBFF85}.Debug|x86.Build.0 = Debug|Any CPU
		{20B79CA1-29F1-4A19-ADCD-D517B1EBFF85}.Release|Any CPU.ActiveCfg = Release|Any CPU
		{20B79CA1-29F1-4A19-ADCD-D517B1EBFF85}.Release|Any CPU.Build.0 = Release|Any CPU
		{20B79CA1-29F1-4A19-ADCD-D517B1EBFF85}.Release|x64.ActiveCfg = Release|Any CPU
		{20B79CA1-29F1-4A19-ADCD-D517B1EBFF85}.Release|x64.Build.0 = Release|Any CPU
		{20B79CA1-29F1-4A19-ADCD-D517B1EBFF85}.Release|x86.ActiveCfg = Release|Any CPU
		{20B79CA1-29F1-4A19-ADCD-D517B1EBFF85}.Release|x86.Build.0 = Release|Any CPU
		{243E8924-06EA-4D44-A014-75A0704E05DA}.Debug|Any CPU.ActiveCfg = Debug|Any CPU
		{243E8924-06EA-4D44-A014-75A0704E05DA}.Debug|Any CPU.Build.0 = Debug|Any CPU
		{243E8924-06EA-4D44-A014-75A0704E05DA}.Debug|x64.ActiveCfg = Debug|Any CPU
		{243E8924-06EA-4D44-A014-75A0704E05DA}.Debug|x64.Build.0 = Debug|Any CPU
		{243E8924-06EA-4D44-A014-75A0704E05DA}.Debug|x86.ActiveCfg = Debug|Any CPU
		{243E8924-06EA-4D44-A014-75A0704E05DA}.Debug|x86.Build.0 = Debug|Any CPU
		{243E8924-06EA-4D44-A014-75A0704E05DA}.Release|Any CPU.ActiveCfg = Release|Any CPU
		{243E8924-06EA-4D44-A014-75A0704E05DA}.Release|Any CPU.Build.0 = Release|Any CPU
		{243E8924-06EA-4D44-A014-75A0704E05DA}.Release|x64.ActiveCfg = Release|Any CPU
		{243E8924-06EA-4D44-A014-75A0704E05DA}.Release|x64.Build.0 = Release|Any CPU
		{243E8924-06EA-4D44-A014-75A0704E05DA}.Release|x86.ActiveCfg = Release|Any CPU
		{243E8924-06EA-4D44-A014-75A0704E05DA}.Release|x86.Build.0 = Release|Any CPU
		{6F498B54-7E00-4493-890A-3CB7EA685AB1}.Debug|Any CPU.ActiveCfg = Debug|Any CPU
		{6F498B54-7E00-4493-890A-3CB7EA685AB1}.Debug|Any CPU.Build.0 = Debug|Any CPU
		{6F498B54-7E00-4493-890A-3CB7EA685AB1}.Debug|x64.ActiveCfg = Debug|Any CPU
		{6F498B54-7E00-4493-890A-3CB7EA685AB1}.Debug|x64.Build.0 = Debug|Any CPU
		{6F498B54-7E00-4493-890A-3CB7EA685AB1}.Debug|x86.ActiveCfg = Debug|Any CPU
		{6F498B54-7E00-4493-890A-3CB7EA685AB1}.Debug|x86.Build.0 = Debug|Any CPU
		{6F498B54-7E00-4493-890A-3CB7EA685AB1}.Release|Any CPU.ActiveCfg = Release|Any CPU
		{6F498B54-7E00-4493-890A-3CB7EA685AB1}.Release|Any CPU.Build.0 = Release|Any CPU
		{6F498B54-7E00-4493-890A-3CB7EA685AB1}.Release|x64.ActiveCfg = Release|Any CPU
		{6F498B54-7E00-4493-890A-3CB7EA685AB1}.Release|x64.Build.0 = Release|Any CPU
		{6F498B54-7E00-4493-890A-3CB7EA685AB1}.Release|x86.ActiveCfg = Release|Any CPU
		{6F498B54-7E00-4493-890A-3CB7EA685AB1}.Release|x86.Build.0 = Release|Any CPU
		{E4B6BA68-B284-4B79-AA80-5795BA624DCF}.Debug|Any CPU.ActiveCfg = Debug|Any CPU
		{E4B6BA68-B284-4B79-AA80-5795BA624DCF}.Debug|Any CPU.Build.0 = Debug|Any CPU
		{E4B6BA68-B284-4B79-AA80-5795BA624DCF}.Debug|x64.ActiveCfg = Debug|Any CPU
		{E4B6BA68-B284-4B79-AA80-5795BA624DCF}.Debug|x64.Build.0 = Debug|Any CPU
		{E4B6BA68-B284-4B79-AA80-5795BA624DCF}.Debug|x86.ActiveCfg = Debug|Any CPU
		{E4B6BA68-B284-4B79-AA80-5795BA624DCF}.Debug|x86.Build.0 = Debug|Any CPU
		{E4B6BA68-B284-4B79-AA80-5795BA624DCF}.Release|Any CPU.ActiveCfg = Release|Any CPU
		{E4B6BA68-B284-4B79-AA80-5795BA624DCF}.Release|Any CPU.Build.0 = Release|Any CPU
		{E4B6BA68-B284-4B79-AA80-5795BA624DCF}.Release|x64.ActiveCfg = Release|Any CPU
		{E4B6BA68-B284-4B79-AA80-5795BA624DCF}.Release|x64.Build.0 = Release|Any CPU
		{E4B6BA68-B284-4B79-AA80-5795BA624DCF}.Release|x86.ActiveCfg = Release|Any CPU
		{E4B6BA68-B284-4B79-AA80-5795BA624DCF}.Release|x86.Build.0 = Release|Any CPU
		{86BBAD74-BAFD-4547-9FD0-254F8ADAA447}.Debug|Any CPU.ActiveCfg = Debug|Any CPU
		{86BBAD74-BAFD-4547-9FD0-254F8ADAA447}.Debug|Any CPU.Build.0 = Debug|Any CPU
		{86BBAD74-BAFD-4547-9FD0-254F8ADAA447}.Debug|x64.ActiveCfg = Debug|Any CPU
		{86BBAD74-BAFD-4547-9FD0-254F8ADAA447}.Debug|x64.Build.0 = Debug|Any CPU
		{86BBAD74-BAFD-4547-9FD0-254F8ADAA447}.Debug|x86.ActiveCfg = Debug|Any CPU
		{86BBAD74-BAFD-4547-9FD0-254F8ADAA447}.Debug|x86.Build.0 = Debug|Any CPU
		{86BBAD74-BAFD-4547-9FD0-254F8ADAA447}.Release|Any CPU.ActiveCfg = Release|Any CPU
		{86BBAD74-BAFD-4547-9FD0-254F8ADAA447}.Release|Any CPU.Build.0 = Release|Any CPU
		{86BBAD74-BAFD-4547-9FD0-254F8ADAA447}.Release|x64.ActiveCfg = Release|Any CPU
		{86BBAD74-BAFD-4547-9FD0-254F8ADAA447}.Release|x64.Build.0 = Release|Any CPU
		{86BBAD74-BAFD-4547-9FD0-254F8ADAA447}.Release|x86.ActiveCfg = Release|Any CPU
		{86BBAD74-BAFD-4547-9FD0-254F8ADAA447}.Release|x86.Build.0 = Release|Any CPU
		{38DC4054-2D07-4746-A23D-73AD69D73E67}.Debug|Any CPU.ActiveCfg = Debug|Any CPU
		{38DC4054-2D07-4746-A23D-73AD69D73E67}.Debug|Any CPU.Build.0 = Debug|Any CPU
		{38DC4054-2D07-4746-A23D-73AD69D73E67}.Debug|x64.ActiveCfg = Debug|Any CPU
		{38DC4054-2D07-4746-A23D-73AD69D73E67}.Debug|x64.Build.0 = Debug|Any CPU
		{38DC4054-2D07-4746-A23D-73AD69D73E67}.Debug|x86.ActiveCfg = Debug|Any CPU
		{38DC4054-2D07-4746-A23D-73AD69D73E67}.Debug|x86.Build.0 = Debug|Any CPU
		{38DC4054-2D07-4746-A23D-73AD69D73E67}.Release|Any CPU.ActiveCfg = Release|Any CPU
		{38DC4054-2D07-4746-A23D-73AD69D73E67}.Release|Any CPU.Build.0 = Release|Any CPU
		{38DC4054-2D07-4746-A23D-73AD69D73E67}.Release|x64.ActiveCfg = Release|Any CPU
		{38DC4054-2D07-4746-A23D-73AD69D73E67}.Release|x64.Build.0 = Release|Any CPU
		{38DC4054-2D07-4746-A23D-73AD69D73E67}.Release|x86.ActiveCfg = Release|Any CPU
		{38DC4054-2D07-4746-A23D-73AD69D73E67}.Release|x86.Build.0 = Release|Any CPU
		{C51955AA-2796-44E9-AD83-E358B1B4222E}.Debug|Any CPU.ActiveCfg = Debug|Any CPU
		{C51955AA-2796-44E9-AD83-E358B1B4222E}.Debug|Any CPU.Build.0 = Debug|Any CPU
		{C51955AA-2796-44E9-AD83-E358B1B4222E}.Debug|x64.ActiveCfg = Debug|Any CPU
		{C51955AA-2796-44E9-AD83-E358B1B4222E}.Debug|x64.Build.0 = Debug|Any CPU
		{C51955AA-2796-44E9-AD83-E358B1B4222E}.Debug|x86.ActiveCfg = Debug|Any CPU
		{C51955AA-2796-44E9-AD83-E358B1B4222E}.Debug|x86.Build.0 = Debug|Any CPU
		{C51955AA-2796-44E9-AD83-E358B1B4222E}.Release|Any CPU.ActiveCfg = Release|Any CPU
		{C51955AA-2796-44E9-AD83-E358B1B4222E}.Release|Any CPU.Build.0 = Release|Any CPU
		{C51955AA-2796-44E9-AD83-E358B1B4222E}.Release|x64.ActiveCfg = Release|Any CPU
		{C51955AA-2796-44E9-AD83-E358B1B4222E}.Release|x64.Build.0 = Release|Any CPU
		{C51955AA-2796-44E9-AD83-E358B1B4222E}.Release|x86.ActiveCfg = Release|Any CPU
		{C51955AA-2796-44E9-AD83-E358B1B4222E}.Release|x86.Build.0 = Release|Any CPU
		{D7130F4D-F4E7-4C1B-9E0A-7320ECA5EBF8}.Debug|Any CPU.ActiveCfg = Debug|Any CPU
		{D7130F4D-F4E7-4C1B-9E0A-7320ECA5EBF8}.Debug|Any CPU.Build.0 = Debug|Any CPU
		{D7130F4D-F4E7-4C1B-9E0A-7320ECA5EBF8}.Debug|x64.ActiveCfg = Debug|Any CPU
		{D7130F4D-F4E7-4C1B-9E0A-7320ECA5EBF8}.Debug|x64.Build.0 = Debug|Any CPU
		{D7130F4D-F4E7-4C1B-9E0A-7320ECA5EBF8}.Debug|x86.ActiveCfg = Debug|Any CPU
		{D7130F4D-F4E7-4C1B-9E0A-7320ECA5EBF8}.Debug|x86.Build.0 = Debug|Any CPU
		{D7130F4D-F4E7-4C1B-9E0A-7320ECA5EBF8}.Release|Any CPU.ActiveCfg = Release|Any CPU
		{D7130F4D-F4E7-4C1B-9E0A-7320ECA5EBF8}.Release|Any CPU.Build.0 = Release|Any CPU
		{D7130F4D-F4E7-4C1B-9E0A-7320ECA5EBF8}.Release|x64.ActiveCfg = Release|Any CPU
		{D7130F4D-F4E7-4C1B-9E0A-7320ECA5EBF8}.Release|x64.Build.0 = Release|Any CPU
		{D7130F4D-F4E7-4C1B-9E0A-7320ECA5EBF8}.Release|x86.ActiveCfg = Release|Any CPU
		{D7130F4D-F4E7-4C1B-9E0A-7320ECA5EBF8}.Release|x86.Build.0 = Release|Any CPU
		{68C89BF2-35BC-4EFB-8F7E-7CA6F89BCB04}.Debug|Any CPU.ActiveCfg = Debug|Any CPU
		{68C89BF2-35BC-4EFB-8F7E-7CA6F89BCB04}.Debug|Any CPU.Build.0 = Debug|Any CPU
		{68C89BF2-35BC-4EFB-8F7E-7CA6F89BCB04}.Debug|x64.ActiveCfg = Debug|Any CPU
		{68C89BF2-35BC-4EFB-8F7E-7CA6F89BCB04}.Debug|x64.Build.0 = Debug|Any CPU
		{68C89BF2-35BC-4EFB-8F7E-7CA6F89BCB04}.Debug|x86.ActiveCfg = Debug|Any CPU
		{68C89BF2-35BC-4EFB-8F7E-7CA6F89BCB04}.Debug|x86.Build.0 = Debug|Any CPU
		{68C89BF2-35BC-4EFB-8F7E-7CA6F89BCB04}.Release|Any CPU.ActiveCfg = Release|Any CPU
		{68C89BF2-35BC-4EFB-8F7E-7CA6F89BCB04}.Release|Any CPU.Build.0 = Release|Any CPU
		{68C89BF2-35BC-4EFB-8F7E-7CA6F89BCB04}.Release|x64.ActiveCfg = Release|Any CPU
		{68C89BF2-35BC-4EFB-8F7E-7CA6F89BCB04}.Release|x64.Build.0 = Release|Any CPU
		{68C89BF2-35BC-4EFB-8F7E-7CA6F89BCB04}.Release|x86.ActiveCfg = Release|Any CPU
		{68C89BF2-35BC-4EFB-8F7E-7CA6F89BCB04}.Release|x86.Build.0 = Release|Any CPU
		{E2BF920A-3477-4595-B652-A06DF077CCA6}.Debug|Any CPU.ActiveCfg = Debug|Any CPU
		{E2BF920A-3477-4595-B652-A06DF077CCA6}.Debug|Any CPU.Build.0 = Debug|Any CPU
		{E2BF920A-3477-4595-B652-A06DF077CCA6}.Debug|x64.ActiveCfg = Debug|Any CPU
		{E2BF920A-3477-4595-B652-A06DF077CCA6}.Debug|x64.Build.0 = Debug|Any CPU
		{E2BF920A-3477-4595-B652-A06DF077CCA6}.Debug|x86.ActiveCfg = Debug|Any CPU
		{E2BF920A-3477-4595-B652-A06DF077CCA6}.Debug|x86.Build.0 = Debug|Any CPU
		{E2BF920A-3477-4595-B652-A06DF077CCA6}.Release|Any CPU.ActiveCfg = Release|Any CPU
		{E2BF920A-3477-4595-B652-A06DF077CCA6}.Release|Any CPU.Build.0 = Release|Any CPU
		{E2BF920A-3477-4595-B652-A06DF077CCA6}.Release|x64.ActiveCfg = Release|Any CPU
		{E2BF920A-3477-4595-B652-A06DF077CCA6}.Release|x64.Build.0 = Release|Any CPU
		{E2BF920A-3477-4595-B652-A06DF077CCA6}.Release|x86.ActiveCfg = Release|Any CPU
		{E2BF920A-3477-4595-B652-A06DF077CCA6}.Release|x86.Build.0 = Release|Any CPU
		{95309816-B9DB-48C2-B60A-C289E8875FB1}.Debug|Any CPU.ActiveCfg = Debug|Any CPU
		{95309816-B9DB-48C2-B60A-C289E8875FB1}.Debug|Any CPU.Build.0 = Debug|Any CPU
		{95309816-B9DB-48C2-B60A-C289E8875FB1}.Debug|x64.ActiveCfg = Debug|Any CPU
		{95309816-B9DB-48C2-B60A-C289E8875FB1}.Debug|x64.Build.0 = Debug|Any CPU
		{95309816-B9DB-48C2-B60A-C289E8875FB1}.Debug|x86.ActiveCfg = Debug|Any CPU
		{95309816-B9DB-48C2-B60A-C289E8875FB1}.Debug|x86.Build.0 = Debug|Any CPU
		{95309816-B9DB-48C2-B60A-C289E8875FB1}.Release|Any CPU.ActiveCfg = Release|Any CPU
		{95309816-B9DB-48C2-B60A-C289E8875FB1}.Release|Any CPU.Build.0 = Release|Any CPU
		{95309816-B9DB-48C2-B60A-C289E8875FB1}.Release|x64.ActiveCfg = Release|Any CPU
		{95309816-B9DB-48C2-B60A-C289E8875FB1}.Release|x64.Build.0 = Release|Any CPU
		{95309816-B9DB-48C2-B60A-C289E8875FB1}.Release|x86.ActiveCfg = Release|Any CPU
		{95309816-B9DB-48C2-B60A-C289E8875FB1}.Release|x86.Build.0 = Release|Any CPU
		{73D8FBD8-FCEC-4D8F-9040-D37A98FF8C6B}.Debug|Any CPU.ActiveCfg = Debug|Any CPU
		{73D8FBD8-FCEC-4D8F-9040-D37A98FF8C6B}.Debug|Any CPU.Build.0 = Debug|Any CPU
		{73D8FBD8-FCEC-4D8F-9040-D37A98FF8C6B}.Debug|x64.ActiveCfg = Debug|Any CPU
		{73D8FBD8-FCEC-4D8F-9040-D37A98FF8C6B}.Debug|x64.Build.0 = Debug|Any CPU
		{73D8FBD8-FCEC-4D8F-9040-D37A98FF8C6B}.Debug|x86.ActiveCfg = Debug|Any CPU
		{73D8FBD8-FCEC-4D8F-9040-D37A98FF8C6B}.Debug|x86.Build.0 = Debug|Any CPU
		{73D8FBD8-FCEC-4D8F-9040-D37A98FF8C6B}.Release|Any CPU.ActiveCfg = Release|Any CPU
		{73D8FBD8-FCEC-4D8F-9040-D37A98FF8C6B}.Release|Any CPU.Build.0 = Release|Any CPU
		{73D8FBD8-FCEC-4D8F-9040-D37A98FF8C6B}.Release|x64.ActiveCfg = Release|Any CPU
		{73D8FBD8-FCEC-4D8F-9040-D37A98FF8C6B}.Release|x64.Build.0 = Release|Any CPU
		{73D8FBD8-FCEC-4D8F-9040-D37A98FF8C6B}.Release|x86.ActiveCfg = Release|Any CPU
		{73D8FBD8-FCEC-4D8F-9040-D37A98FF8C6B}.Release|x86.Build.0 = Release|Any CPU
		{5D534ADF-54D7-4F8A-B6B0-7E3B697EF5C3}.Debug|Any CPU.ActiveCfg = Debug|Any CPU
		{5D534ADF-54D7-4F8A-B6B0-7E3B697EF5C3}.Debug|Any CPU.Build.0 = Debug|Any CPU
		{5D534ADF-54D7-4F8A-B6B0-7E3B697EF5C3}.Debug|x64.ActiveCfg = Debug|Any CPU
		{5D534ADF-54D7-4F8A-B6B0-7E3B697EF5C3}.Debug|x64.Build.0 = Debug|Any CPU
		{5D534ADF-54D7-4F8A-B6B0-7E3B697EF5C3}.Debug|x86.ActiveCfg = Debug|Any CPU
		{5D534ADF-54D7-4F8A-B6B0-7E3B697EF5C3}.Debug|x86.Build.0 = Debug|Any CPU
		{5D534ADF-54D7-4F8A-B6B0-7E3B697EF5C3}.Release|Any CPU.ActiveCfg = Release|Any CPU
		{5D534ADF-54D7-4F8A-B6B0-7E3B697EF5C3}.Release|Any CPU.Build.0 = Release|Any CPU
		{5D534ADF-54D7-4F8A-B6B0-7E3B697EF5C3}.Release|x64.ActiveCfg = Release|Any CPU
		{5D534ADF-54D7-4F8A-B6B0-7E3B697EF5C3}.Release|x64.Build.0 = Release|Any CPU
		{5D534ADF-54D7-4F8A-B6B0-7E3B697EF5C3}.Release|x86.ActiveCfg = Release|Any CPU
		{5D534ADF-54D7-4F8A-B6B0-7E3B697EF5C3}.Release|x86.Build.0 = Release|Any CPU
		{4F6BE247-8C9C-49E6-9723-9C5CA905D934}.Debug|Any CPU.ActiveCfg = Debug|Any CPU
		{4F6BE247-8C9C-49E6-9723-9C5CA905D934}.Debug|Any CPU.Build.0 = Debug|Any CPU
		{4F6BE247-8C9C-49E6-9723-9C5CA905D934}.Debug|x64.ActiveCfg = Debug|Any CPU
		{4F6BE247-8C9C-49E6-9723-9C5CA905D934}.Debug|x64.Build.0 = Debug|Any CPU
		{4F6BE247-8C9C-49E6-9723-9C5CA905D934}.Debug|x86.ActiveCfg = Debug|Any CPU
		{4F6BE247-8C9C-49E6-9723-9C5CA905D934}.Debug|x86.Build.0 = Debug|Any CPU
		{4F6BE247-8C9C-49E6-9723-9C5CA905D934}.Release|Any CPU.ActiveCfg = Release|Any CPU
		{4F6BE247-8C9C-49E6-9723-9C5CA905D934}.Release|Any CPU.Build.0 = Release|Any CPU
		{4F6BE247-8C9C-49E6-9723-9C5CA905D934}.Release|x64.ActiveCfg = Release|Any CPU
		{4F6BE247-8C9C-49E6-9723-9C5CA905D934}.Release|x64.Build.0 = Release|Any CPU
		{4F6BE247-8C9C-49E6-9723-9C5CA905D934}.Release|x86.ActiveCfg = Release|Any CPU
		{4F6BE247-8C9C-49E6-9723-9C5CA905D934}.Release|x86.Build.0 = Release|Any CPU
		{34166C12-59B9-492E-AA96-34F7F7800DF5}.Debug|Any CPU.ActiveCfg = Debug|Any CPU
		{34166C12-59B9-492E-AA96-34F7F7800DF5}.Debug|Any CPU.Build.0 = Debug|Any CPU
		{34166C12-59B9-492E-AA96-34F7F7800DF5}.Debug|x64.ActiveCfg = Debug|Any CPU
		{34166C12-59B9-492E-AA96-34F7F7800DF5}.Debug|x64.Build.0 = Debug|Any CPU
		{34166C12-59B9-492E-AA96-34F7F7800DF5}.Debug|x86.ActiveCfg = Debug|Any CPU
		{34166C12-59B9-492E-AA96-34F7F7800DF5}.Debug|x86.Build.0 = Debug|Any CPU
		{34166C12-59B9-492E-AA96-34F7F7800DF5}.Release|Any CPU.ActiveCfg = Release|Any CPU
		{34166C12-59B9-492E-AA96-34F7F7800DF5}.Release|Any CPU.Build.0 = Release|Any CPU
		{34166C12-59B9-492E-AA96-34F7F7800DF5}.Release|x64.ActiveCfg = Release|Any CPU
		{34166C12-59B9-492E-AA96-34F7F7800DF5}.Release|x64.Build.0 = Release|Any CPU
		{34166C12-59B9-492E-AA96-34F7F7800DF5}.Release|x86.ActiveCfg = Release|Any CPU
		{34166C12-59B9-492E-AA96-34F7F7800DF5}.Release|x86.Build.0 = Release|Any CPU
		{1A952A51-A6B1-4B63-9F28-414ED7A88FD6}.Debug|Any CPU.ActiveCfg = Debug|Any CPU
		{1A952A51-A6B1-4B63-9F28-414ED7A88FD6}.Debug|Any CPU.Build.0 = Debug|Any CPU
		{1A952A51-A6B1-4B63-9F28-414ED7A88FD6}.Debug|x64.ActiveCfg = Debug|Any CPU
		{1A952A51-A6B1-4B63-9F28-414ED7A88FD6}.Debug|x64.Build.0 = Debug|Any CPU
		{1A952A51-A6B1-4B63-9F28-414ED7A88FD6}.Debug|x86.ActiveCfg = Debug|Any CPU
		{1A952A51-A6B1-4B63-9F28-414ED7A88FD6}.Debug|x86.Build.0 = Debug|Any CPU
		{1A952A51-A6B1-4B63-9F28-414ED7A88FD6}.Release|Any CPU.ActiveCfg = Release|Any CPU
		{1A952A51-A6B1-4B63-9F28-414ED7A88FD6}.Release|Any CPU.Build.0 = Release|Any CPU
		{1A952A51-A6B1-4B63-9F28-414ED7A88FD6}.Release|x64.ActiveCfg = Release|Any CPU
		{1A952A51-A6B1-4B63-9F28-414ED7A88FD6}.Release|x64.Build.0 = Release|Any CPU
		{1A952A51-A6B1-4B63-9F28-414ED7A88FD6}.Release|x86.ActiveCfg = Release|Any CPU
		{1A952A51-A6B1-4B63-9F28-414ED7A88FD6}.Release|x86.Build.0 = Release|Any CPU
		{22820D0F-E866-4868-A3CF-2B6F2F65B214}.Debug|Any CPU.ActiveCfg = Debug|Any CPU
		{22820D0F-E866-4868-A3CF-2B6F2F65B214}.Debug|Any CPU.Build.0 = Debug|Any CPU
		{22820D0F-E866-4868-A3CF-2B6F2F65B214}.Debug|x64.ActiveCfg = Debug|Any CPU
		{22820D0F-E866-4868-A3CF-2B6F2F65B214}.Debug|x64.Build.0 = Debug|Any CPU
		{22820D0F-E866-4868-A3CF-2B6F2F65B214}.Debug|x86.ActiveCfg = Debug|Any CPU
		{22820D0F-E866-4868-A3CF-2B6F2F65B214}.Debug|x86.Build.0 = Debug|Any CPU
		{22820D0F-E866-4868-A3CF-2B6F2F65B214}.Release|Any CPU.ActiveCfg = Release|Any CPU
		{22820D0F-E866-4868-A3CF-2B6F2F65B214}.Release|Any CPU.Build.0 = Release|Any CPU
		{22820D0F-E866-4868-A3CF-2B6F2F65B214}.Release|x64.ActiveCfg = Release|Any CPU
		{22820D0F-E866-4868-A3CF-2B6F2F65B214}.Release|x64.Build.0 = Release|Any CPU
		{22820D0F-E866-4868-A3CF-2B6F2F65B214}.Release|x86.ActiveCfg = Release|Any CPU
		{22820D0F-E866-4868-A3CF-2B6F2F65B214}.Release|x86.Build.0 = Release|Any CPU
		{D3237E4C-4108-4DC1-81CA-8537E1B60F06}.Debug|Any CPU.ActiveCfg = Debug|Any CPU
		{D3237E4C-4108-4DC1-81CA-8537E1B60F06}.Debug|Any CPU.Build.0 = Debug|Any CPU
		{D3237E4C-4108-4DC1-81CA-8537E1B60F06}.Debug|x64.ActiveCfg = Debug|Any CPU
		{D3237E4C-4108-4DC1-81CA-8537E1B60F06}.Debug|x64.Build.0 = Debug|Any CPU
		{D3237E4C-4108-4DC1-81CA-8537E1B60F06}.Debug|x86.ActiveCfg = Debug|Any CPU
		{D3237E4C-4108-4DC1-81CA-8537E1B60F06}.Debug|x86.Build.0 = Debug|Any CPU
		{D3237E4C-4108-4DC1-81CA-8537E1B60F06}.Release|Any CPU.ActiveCfg = Release|Any CPU
		{D3237E4C-4108-4DC1-81CA-8537E1B60F06}.Release|Any CPU.Build.0 = Release|Any CPU
		{D3237E4C-4108-4DC1-81CA-8537E1B60F06}.Release|x64.ActiveCfg = Release|Any CPU
		{D3237E4C-4108-4DC1-81CA-8537E1B60F06}.Release|x64.Build.0 = Release|Any CPU
		{D3237E4C-4108-4DC1-81CA-8537E1B60F06}.Release|x86.ActiveCfg = Release|Any CPU
		{D3237E4C-4108-4DC1-81CA-8537E1B60F06}.Release|x86.Build.0 = Release|Any CPU
		{D3C58387-4531-4D87-A0FD-37A17A10A687}.Debug|Any CPU.ActiveCfg = Debug|Any CPU
		{D3C58387-4531-4D87-A0FD-37A17A10A687}.Debug|Any CPU.Build.0 = Debug|Any CPU
		{D3C58387-4531-4D87-A0FD-37A17A10A687}.Debug|x64.ActiveCfg = Debug|Any CPU
		{D3C58387-4531-4D87-A0FD-37A17A10A687}.Debug|x64.Build.0 = Debug|Any CPU
		{D3C58387-4531-4D87-A0FD-37A17A10A687}.Debug|x86.ActiveCfg = Debug|Any CPU
		{D3C58387-4531-4D87-A0FD-37A17A10A687}.Debug|x86.Build.0 = Debug|Any CPU
		{D3C58387-4531-4D87-A0FD-37A17A10A687}.Release|Any CPU.ActiveCfg = Release|Any CPU
		{D3C58387-4531-4D87-A0FD-37A17A10A687}.Release|Any CPU.Build.0 = Release|Any CPU
		{D3C58387-4531-4D87-A0FD-37A17A10A687}.Release|x64.ActiveCfg = Release|Any CPU
		{D3C58387-4531-4D87-A0FD-37A17A10A687}.Release|x64.Build.0 = Release|Any CPU
		{D3C58387-4531-4D87-A0FD-37A17A10A687}.Release|x86.ActiveCfg = Release|Any CPU
		{D3C58387-4531-4D87-A0FD-37A17A10A687}.Release|x86.Build.0 = Release|Any CPU
		{EC28FCD8-DA7F-49C1-971B-06BE982BA86D}.Debug|Any CPU.ActiveCfg = Debug|Any CPU
		{EC28FCD8-DA7F-49C1-971B-06BE982BA86D}.Debug|Any CPU.Build.0 = Debug|Any CPU
		{EC28FCD8-DA7F-49C1-971B-06BE982BA86D}.Debug|x64.ActiveCfg = Debug|Any CPU
		{EC28FCD8-DA7F-49C1-971B-06BE982BA86D}.Debug|x64.Build.0 = Debug|Any CPU
		{EC28FCD8-DA7F-49C1-971B-06BE982BA86D}.Debug|x86.ActiveCfg = Debug|Any CPU
		{EC28FCD8-DA7F-49C1-971B-06BE982BA86D}.Debug|x86.Build.0 = Debug|Any CPU
		{EC28FCD8-DA7F-49C1-971B-06BE982BA86D}.Release|Any CPU.ActiveCfg = Release|Any CPU
		{EC28FCD8-DA7F-49C1-971B-06BE982BA86D}.Release|Any CPU.Build.0 = Release|Any CPU
		{EC28FCD8-DA7F-49C1-971B-06BE982BA86D}.Release|x64.ActiveCfg = Release|Any CPU
		{EC28FCD8-DA7F-49C1-971B-06BE982BA86D}.Release|x64.Build.0 = Release|Any CPU
		{EC28FCD8-DA7F-49C1-971B-06BE982BA86D}.Release|x86.ActiveCfg = Release|Any CPU
		{EC28FCD8-DA7F-49C1-971B-06BE982BA86D}.Release|x86.Build.0 = Release|Any CPU
		{BF50EC59-005A-4AD9-B41B-293CE8DC04BB}.Debug|Any CPU.ActiveCfg = Debug|Any CPU
		{BF50EC59-005A-4AD9-B41B-293CE8DC04BB}.Debug|Any CPU.Build.0 = Debug|Any CPU
		{BF50EC59-005A-4AD9-B41B-293CE8DC04BB}.Debug|x64.ActiveCfg = Debug|Any CPU
		{BF50EC59-005A-4AD9-B41B-293CE8DC04BB}.Debug|x64.Build.0 = Debug|Any CPU
		{BF50EC59-005A-4AD9-B41B-293CE8DC04BB}.Debug|x86.ActiveCfg = Debug|Any CPU
		{BF50EC59-005A-4AD9-B41B-293CE8DC04BB}.Debug|x86.Build.0 = Debug|Any CPU
		{BF50EC59-005A-4AD9-B41B-293CE8DC04BB}.Release|Any CPU.ActiveCfg = Release|Any CPU
		{BF50EC59-005A-4AD9-B41B-293CE8DC04BB}.Release|Any CPU.Build.0 = Release|Any CPU
		{BF50EC59-005A-4AD9-B41B-293CE8DC04BB}.Release|x64.ActiveCfg = Release|Any CPU
		{BF50EC59-005A-4AD9-B41B-293CE8DC04BB}.Release|x64.Build.0 = Release|Any CPU
		{BF50EC59-005A-4AD9-B41B-293CE8DC04BB}.Release|x86.ActiveCfg = Release|Any CPU
		{BF50EC59-005A-4AD9-B41B-293CE8DC04BB}.Release|x86.Build.0 = Release|Any CPU
		{91C30E3D-D968-4476-A7FA-3625E0173F62}.Debug|Any CPU.ActiveCfg = Debug|Any CPU
		{91C30E3D-D968-4476-A7FA-3625E0173F62}.Debug|Any CPU.Build.0 = Debug|Any CPU
		{91C30E3D-D968-4476-A7FA-3625E0173F62}.Debug|x64.ActiveCfg = Debug|Any CPU
		{91C30E3D-D968-4476-A7FA-3625E0173F62}.Debug|x64.Build.0 = Debug|Any CPU
		{91C30E3D-D968-4476-A7FA-3625E0173F62}.Debug|x86.ActiveCfg = Debug|Any CPU
		{91C30E3D-D968-4476-A7FA-3625E0173F62}.Debug|x86.Build.0 = Debug|Any CPU
		{91C30E3D-D968-4476-A7FA-3625E0173F62}.Release|Any CPU.ActiveCfg = Release|Any CPU
		{91C30E3D-D968-4476-A7FA-3625E0173F62}.Release|Any CPU.Build.0 = Release|Any CPU
		{91C30E3D-D968-4476-A7FA-3625E0173F62}.Release|x64.ActiveCfg = Release|Any CPU
		{91C30E3D-D968-4476-A7FA-3625E0173F62}.Release|x64.Build.0 = Release|Any CPU
		{91C30E3D-D968-4476-A7FA-3625E0173F62}.Release|x86.ActiveCfg = Release|Any CPU
		{91C30E3D-D968-4476-A7FA-3625E0173F62}.Release|x86.Build.0 = Release|Any CPU
		{7853A3D0-0CD6-4974-A4A7-F71933176EFF}.Debug|Any CPU.ActiveCfg = Debug|Any CPU
		{7853A3D0-0CD6-4974-A4A7-F71933176EFF}.Debug|Any CPU.Build.0 = Debug|Any CPU
		{7853A3D0-0CD6-4974-A4A7-F71933176EFF}.Debug|x64.ActiveCfg = Debug|Any CPU
		{7853A3D0-0CD6-4974-A4A7-F71933176EFF}.Debug|x64.Build.0 = Debug|Any CPU
		{7853A3D0-0CD6-4974-A4A7-F71933176EFF}.Debug|x86.ActiveCfg = Debug|Any CPU
		{7853A3D0-0CD6-4974-A4A7-F71933176EFF}.Debug|x86.Build.0 = Debug|Any CPU
		{7853A3D0-0CD6-4974-A4A7-F71933176EFF}.Release|Any CPU.ActiveCfg = Release|Any CPU
		{7853A3D0-0CD6-4974-A4A7-F71933176EFF}.Release|Any CPU.Build.0 = Release|Any CPU
		{7853A3D0-0CD6-4974-A4A7-F71933176EFF}.Release|x64.ActiveCfg = Release|Any CPU
		{7853A3D0-0CD6-4974-A4A7-F71933176EFF}.Release|x64.Build.0 = Release|Any CPU
		{7853A3D0-0CD6-4974-A4A7-F71933176EFF}.Release|x86.ActiveCfg = Release|Any CPU
		{7853A3D0-0CD6-4974-A4A7-F71933176EFF}.Release|x86.Build.0 = Release|Any CPU
		{DFB62603-FFFD-4685-B992-ED37D1D67355}.Debug|Any CPU.ActiveCfg = Debug|Any CPU
		{DFB62603-FFFD-4685-B992-ED37D1D67355}.Debug|Any CPU.Build.0 = Debug|Any CPU
		{DFB62603-FFFD-4685-B992-ED37D1D67355}.Debug|x64.ActiveCfg = Debug|Any CPU
		{DFB62603-FFFD-4685-B992-ED37D1D67355}.Debug|x64.Build.0 = Debug|Any CPU
		{DFB62603-FFFD-4685-B992-ED37D1D67355}.Debug|x86.ActiveCfg = Debug|Any CPU
		{DFB62603-FFFD-4685-B992-ED37D1D67355}.Debug|x86.Build.0 = Debug|Any CPU
		{DFB62603-FFFD-4685-B992-ED37D1D67355}.Release|Any CPU.ActiveCfg = Release|Any CPU
		{DFB62603-FFFD-4685-B992-ED37D1D67355}.Release|Any CPU.Build.0 = Release|Any CPU
		{DFB62603-FFFD-4685-B992-ED37D1D67355}.Release|x64.ActiveCfg = Release|Any CPU
		{DFB62603-FFFD-4685-B992-ED37D1D67355}.Release|x64.Build.0 = Release|Any CPU
		{DFB62603-FFFD-4685-B992-ED37D1D67355}.Release|x86.ActiveCfg = Release|Any CPU
		{DFB62603-FFFD-4685-B992-ED37D1D67355}.Release|x86.Build.0 = Release|Any CPU
	EndGlobalSection
	GlobalSection(SolutionProperties) = preSolution
		HideSolutionNode = FALSE
	EndGlobalSection
	GlobalSection(NestedProjects) = preSolution
		{0EE7606F-3949-4554-B99C-56E459B9F884} = {051CE776-5038-4B86-A431-36A244669843}
		{FC98F933-E2B6-4092-932A-9A5B0BDE2149} = {051CE776-5038-4B86-A431-36A244669843}
		{20B79CA1-29F1-4A19-ADCD-D517B1EBFF85} = {051CE776-5038-4B86-A431-36A244669843}
		{243E8924-06EA-4D44-A014-75A0704E05DA} = {051CE776-5038-4B86-A431-36A244669843}
		{6F498B54-7E00-4493-890A-3CB7EA685AB1} = {051CE776-5038-4B86-A431-36A244669843}
		{E4B6BA68-B284-4B79-AA80-5795BA624DCF} = {051CE776-5038-4B86-A431-36A244669843}
		{86BBAD74-BAFD-4547-9FD0-254F8ADAA447} = {051CE776-5038-4B86-A431-36A244669843}
		{38DC4054-2D07-4746-A23D-73AD69D73E67} = {051CE776-5038-4B86-A431-36A244669843}
		{C51955AA-2796-44E9-AD83-E358B1B4222E} = {051CE776-5038-4B86-A431-36A244669843}
		{D7130F4D-F4E7-4C1B-9E0A-7320ECA5EBF8} = {051CE776-5038-4B86-A431-36A244669843}
		{68C89BF2-35BC-4EFB-8F7E-7CA6F89BCB04} = {051CE776-5038-4B86-A431-36A244669843}
		{E2BF920A-3477-4595-B652-A06DF077CCA6} = {051CE776-5038-4B86-A431-36A244669843}
		{95309816-B9DB-48C2-B60A-C289E8875FB1} = {051CE776-5038-4B86-A431-36A244669843}
		{73D8FBD8-FCEC-4D8F-9040-D37A98FF8C6B} = {051CE776-5038-4B86-A431-36A244669843}
		{5D534ADF-54D7-4F8A-B6B0-7E3B697EF5C3} = {051CE776-5038-4B86-A431-36A244669843}
		{4F6BE247-8C9C-49E6-9723-9C5CA905D934} = {051CE776-5038-4B86-A431-36A244669843}
		{34166C12-59B9-492E-AA96-34F7F7800DF5} = {051CE776-5038-4B86-A431-36A244669843}
		{1A952A51-A6B1-4B63-9F28-414ED7A88FD6} = {051CE776-5038-4B86-A431-36A244669843}
		{22820D0F-E866-4868-A3CF-2B6F2F65B214} = {051CE776-5038-4B86-A431-36A244669843}
		{D3237E4C-4108-4DC1-81CA-8537E1B60F06} = {051CE776-5038-4B86-A431-36A244669843}
		{D3C58387-4531-4D87-A0FD-37A17A10A687} = {051CE776-5038-4B86-A431-36A244669843}
		{EC28FCD8-DA7F-49C1-971B-06BE982BA86D} = {051CE776-5038-4B86-A431-36A244669843}
		{BF50EC59-005A-4AD9-B41B-293CE8DC04BB} = {051CE776-5038-4B86-A431-36A244669843}
		{91C30E3D-D968-4476-A7FA-3625E0173F62} = {051CE776-5038-4B86-A431-36A244669843}
		{7853A3D0-0CD6-4974-A4A7-F71933176EFF} = {051CE776-5038-4B86-A431-36A244669843}
		{DFB62603-FFFD-4685-B992-ED37D1D67355} = {051CE776-5038-4B86-A431-36A244669843}
	EndGlobalSection
	GlobalSection(ExtensibilityGlobals) = postSolution
		SolutionGuid = {CA891D24-C49C-479B-9439-C8A461EF452A}
	EndGlobalSection
EndGlobal
